
Microsoft Visual Studio Solution File, Format Version 12.00
# Visual Studio Version 16
VisualStudioVersion = 16.0.31019.35
MinimumVisualStudioVersion = 10.0.40219.1
Project("{9A19103F-16F7-4668-BE54-9A1E7A4F7556}") = "Entity", "steelchemquality\Entity.csproj", "{9AED9A3A-EF9D-4F37-9BB9-4EC2C8EB54D0}"
EndProject
Project("{9A19103F-16F7-4668-BE54-9A1E7A4F7556}") = "Entity.Test", "Entity.Test\Entity.Test.csproj", "{25C7449C-222C-4CB4-879C-2BA62DD39A4E}"
EndProject
Project("{9A19103F-16F7-4668-BE54-9A1E7A4F7556}") = "UseCase", "UseCase\UseCase.csproj", "{0D62F621-72FA-4CFB-A818-3680D3EC7DA6}"
EndProject
Project("{9A19103F-16F7-4668-BE54-9A1E7A4F7556}") = "UseCase.Test", "UseCase.Test\UseCase.Test.csproj", "{0600B0ED-B863-4341-AF04-67513F2D22C1}"
EndProject
Global
	GlobalSection(SolutionConfigurationPlatforms) = preSolution
		Debug|Any CPU = Debug|Any CPU
		Release|Any CPU = Release|Any CPU
	EndGlobalSection
	GlobalSection(ProjectConfigurationPlatforms) = postSolution
		{9AED9A3A-EF9D-4F37-9BB9-4EC2C8EB54D0}.Debug|Any CPU.ActiveCfg = Debug|Any CPU
		{9AED9A3A-EF9D-4F37-9BB9-4EC2C8EB54D0}.Debug|Any CPU.Build.0 = Debug|Any CPU
		{9AED9A3A-EF9D-4F37-9BB9-4EC2C8EB54D0}.Release|Any CPU.ActiveCfg = Release|Any CPU
		{9AED9A3A-EF9D-4F37-9BB9-4EC2C8EB54D0}.Release|Any CPU.Build.0 = Release|Any CPU
		{25C7449C-222C-4CB4-879C-2BA62DD39A4E}.Debug|Any CPU.ActiveCfg = Debug|Any CPU
		{25C7449C-222C-4CB4-879C-2BA62DD39A4E}.Debug|Any CPU.Build.0 = Debug|Any CPU
		{25C7449C-222C-4CB4-879C-2BA62DD39A4E}.Release|Any CPU.ActiveCfg = Release|Any CPU
		{25C7449C-222C-4CB4-879C-2BA62DD39A4E}.Release|Any CPU.Build.0 = Release|Any CPU
		{0D62F621-72FA-4CFB-A818-3680D3EC7DA6}.Debug|Any CPU.ActiveCfg = Debug|Any CPU
		{0D62F621-72FA-4CFB-A818-3680D3EC7DA6}.Debug|Any CPU.Build.0 = Debug|Any CPU
		{0D62F621-72FA-4CFB-A818-3680D3EC7DA6}.Release|Any CPU.ActiveCfg = Release|Any CPU
		{0D62F621-72FA-4CFB-A818-3680D3EC7DA6}.Release|Any CPU.Build.0 = Release|Any CPU
		{0600B0ED-B863-4341-AF04-67513F2D22C1}.Debug|Any CPU.ActiveCfg = Debug|Any CPU
		{0600B0ED-B863-4341-AF04-67513F2D22C1}.Debug|Any CPU.Build.0 = Debug|Any CPU
		{0600B0ED-B863-4341-AF04-67513F2D22C1}.Release|Any CPU.ActiveCfg = Release|Any CPU
		{0600B0ED-B863-4341-AF04-67513F2D22C1}.Release|Any CPU.Build.0 = Release|Any CPU
	EndGlobalSection
	GlobalSection(SolutionProperties) = preSolution
		HideSolutionNode = FALSE
	EndGlobalSection
	GlobalSection(ExtensibilityGlobals) = postSolution
		SolutionGuid = {429BA08E-89C6-4051-9C69-67DE95C9B7E7}
	EndGlobalSection
EndGlobal
